{
  "name": "editor",
  "version": "1.0.0",
  "lockfileVersion": 3,
  "requires": true,
  "packages": {
    "": {
      "name": "editor",
      "version": "1.0.0",
      "license": "ISC",
      "dependencies": {
        "ws": "^8.14.2"
      },
      "devDependencies": {
        "@webgpu/types": "^0.1.40"
      }
    },
    "node_modules/@webgpu/types": {
      "version": "0.1.40",
      "resolved": "https://registry.npmjs.org/@webgpu/types/-/types-0.1.40.tgz",
      "integrity": "sha512-/BBkHLS6/eQjyWhY2H7Dx5DHcVrS2ICj9owvSRdgtQT6KcafLZA86tPze0xAOsd4FbsYKCUBUQyNi87q7gV7kw==",
      "dev": true
    },
    "node_modules/ws": {
      "version": "8.14.2",
      "resolved": "https://registry.npmjs.org/ws/-/ws-8.14.2.tgz",
      "integrity": "sha512-wEBG1ftX4jcglPxgFCMJmZ2PLtSbJ2Peg6TmpJFTbe9GZYOQCDPdMYu/Tm0/bGZkw8paZnJY45J4K2PZrLYq8g==",
      "engines": {
        "node": ">=10.0.0"
      },
      "peerDependencies": {
        "bufferutil": "^4.0.1",
        "utf-8-validate": ">=5.0.2"
      },
      "peerDependenciesMeta": {
        "bufferutil": {
          "optional": true
        },
        "utf-8-validate": {
          "optional": true
        }
      }
    }
  }
}
